
Microsoft Visual Studio Solution File, Format Version 12.00
# Visual Studio 14
VisualStudioVersion = 14.0.25420.1
MinimumVisualStudioVersion = 10.0.40219.1
Project("{FAE04EC0-301F-11D3-BF4B-00C04F79EFBC}") = "Neighborly_3", "Neighborly_3\Neighborly_3.csproj", "{F7F6B1BA-255A-494C-8F1F-BD1C7CE2D17E}"
EndProject
Global
	GlobalSection(SolutionConfigurationPlatforms) = preSolution
		Debug|Any CPU = Debug|Any CPU
		Release|Any CPU = Release|Any CPU
	EndGlobalSection
	GlobalSection(ProjectConfigurationPlatforms) = postSolution
		{F7F6B1BA-255A-494C-8F1F-BD1C7CE2D17E}.Debug|Any CPU.ActiveCfg = Debug|Any CPU
		{F7F6B1BA-255A-494C-8F1F-BD1C7CE2D17E}.Debug|Any CPU.Build.0 = Debug|Any CPU
		{F7F6B1BA-255A-494C-8F1F-BD1C7CE2D17E}.Release|Any CPU.ActiveCfg = Release|Any CPU
		{F7F6B1BA-255A-494C-8F1F-BD1C7CE2D17E}.Release|Any CPU.Build.0 = Release|Any CPU
	EndGlobalSection
	GlobalSection(SolutionProperties) = preSolution
		HideSolutionNode = FALSE
	EndGlobalSection
EndGlobal
